
Microsoft Visual Studio Solution File, Format Version 12.00
# Visual Studio Version 17
VisualStudioVersion = 17.9.34714.143
MinimumVisualStudioVersion = 10.0.40219.1
Project("{FAE04EC0-301F-11D3-BF4B-00C04F79EFBC}") = "tapinto.Server", "tapinto.Server\tapinto.Server.csproj", "{51AD7D0A-E41F-4132-A144-0F98BF66E955}"
EndProject
Project("{54A90642-561A-4BB1-A94E-469ADEE60C69}") = "tapinto.client", "tapinto.client\tapinto.client.esproj", "{83697B7C-863A-426B-A382-2E547C4E1385}"
EndProject
Global
	GlobalSection(SolutionConfigurationPlatforms) = preSolution
		Debug|Any CPU = Debug|Any CPU
		Release|Any CPU = Release|Any CPU
	EndGlobalSection
	GlobalSection(ProjectConfigurationPlatforms) = postSolution
		{51AD7D0A-E41F-4132-A144-0F98BF66E955}.Debug|Any CPU.ActiveCfg = Debug|Any CPU
		{51AD7D0A-E41F-4132-A144-0F98BF66E955}.Debug|Any CPU.Build.0 = Debug|Any CPU
		{51AD7D0A-E41F-4132-A144-0F98BF66E955}.Release|Any CPU.ActiveCfg = Release|Any CPU
		{51AD7D0A-E41F-4132-A144-0F98BF66E955}.Release|Any CPU.Build.0 = Release|Any CPU
		{83697B7C-863A-426B-A382-2E547C4E1385}.Debug|Any CPU.ActiveCfg = Debug|Any CPU
		{83697B7C-863A-426B-A382-2E547C4E1385}.Debug|Any CPU.Build.0 = Debug|Any CPU
		{83697B7C-863A-426B-A382-2E547C4E1385}.Debug|Any CPU.Deploy.0 = Debug|Any CPU
		{83697B7C-863A-426B-A382-2E547C4E1385}.Release|Any CPU.ActiveCfg = Release|Any CPU
		{83697B7C-863A-426B-A382-2E547C4E1385}.Release|Any CPU.Build.0 = Release|Any CPU
		{83697B7C-863A-426B-A382-2E547C4E1385}.Release|Any CPU.Deploy.0 = Release|Any CPU
	EndGlobalSection
	GlobalSection(SolutionProperties) = preSolution
		HideSolutionNode = FALSE
	EndGlobalSection
	GlobalSection(ExtensibilityGlobals) = postSolution
		SolutionGuid = {27D95EE3-2E45-4B17-8B09-30B02079C6D6}
	EndGlobalSection
EndGlobal
